
Microsoft Visual Studio Solution File, Format Version 12.00
# Visual Studio Version 17
VisualStudioVersion = 17.9.34616.47
MinimumVisualStudioVersion = 10.0.40219.1
Project("{FAE04EC0-301F-11D3-BF4B-00C04F79EFBC}") = "Astra", "Astra.csproj", "{6D14FF8A-3E47-4C4B-9231-7181EF9DD39E}"
EndProject
Global
	GlobalSection(SolutionConfigurationPlatforms) = preSolution
		Debug|Any CPU = Debug|Any CPU
		Release|Any CPU = Release|Any CPU
	EndGlobalSection
	GlobalSection(ProjectConfigurationPlatforms) = postSolution
		{6D14FF8A-3E47-4C4B-9231-7181EF9DD39E}.Debug|Any CPU.ActiveCfg = Debug|Any CPU
		{6D14FF8A-3E47-4C4B-9231-7181EF9DD39E}.Debug|Any CPU.Build.0 = Debug|Any CPU
		{6D14FF8A-3E47-4C4B-9231-7181EF9DD39E}.Release|Any CPU.ActiveCfg = Release|Any CPU
		{6D14FF8A-3E47-4C4B-9231-7181EF9DD39E}.Release|Any CPU.Build.0 = Release|Any CPU
	EndGlobalSection
	GlobalSection(SolutionProperties) = preSolution
		HideSolutionNode = FALSE
	EndGlobalSection
	GlobalSection(ExtensibilityGlobals) = postSolution
		SolutionGuid = {9E91CFE9-B03C-4DDA-A9D1-5A9A3B4A77A5}
	EndGlobalSection
EndGlobal
